
Microsoft Visual Studio Solution File, Format Version 12.00
# Visual Studio Version 16
VisualStudioVersion = 16.0.32510.428
MinimumVisualStudioVersion = 10.0.40219.1
Project("{9A19103F-16F7-4668-BE54-9A1E7A4F7556}") = "ZadanieRekrutacyjne", "ZadanieRekrutacyjne.csproj", "{ACB0382C-9A5A-4999-AC6B-DE9A013B1469}"
EndProject
Project("{FAE04EC0-301F-11D3-BF4B-00C04F79EFBC}") = "ZadanieRekrutacyjne.Tests", "..\ZadanieRekrutacyjne.Tests\ZadanieRekrutacyjne.Tests.csproj", "{D2F5968F-A52F-42FE-8932-4FF30D5D82CC}"
EndProject
Global
	GlobalSection(SolutionConfigurationPlatforms) = preSolution
		Debug|Any CPU = Debug|Any CPU
		Release|Any CPU = Release|Any CPU
	EndGlobalSection
	GlobalSection(ProjectConfigurationPlatforms) = postSolution
		{ACB0382C-9A5A-4999-AC6B-DE9A013B1469}.Debug|Any CPU.ActiveCfg = Debug|Any CPU
		{ACB0382C-9A5A-4999-AC6B-DE9A013B1469}.Debug|Any CPU.Build.0 = Debug|Any CPU
		{ACB0382C-9A5A-4999-AC6B-DE9A013B1469}.Release|Any CPU.ActiveCfg = Release|Any CPU
		{ACB0382C-9A5A-4999-AC6B-DE9A013B1469}.Release|Any CPU.Build.0 = Release|Any CPU
		{D2F5968F-A52F-42FE-8932-4FF30D5D82CC}.Debug|Any CPU.ActiveCfg = Debug|Any CPU
		{D2F5968F-A52F-42FE-8932-4FF30D5D82CC}.Debug|Any CPU.Build.0 = Debug|Any CPU
		{D2F5968F-A52F-42FE-8932-4FF30D5D82CC}.Release|Any CPU.ActiveCfg = Release|Any CPU
		{D2F5968F-A52F-42FE-8932-4FF30D5D82CC}.Release|Any CPU.Build.0 = Release|Any CPU
	EndGlobalSection
	GlobalSection(SolutionProperties) = preSolution
		HideSolutionNode = FALSE
	EndGlobalSection
	GlobalSection(ExtensibilityGlobals) = postSolution
		SolutionGuid = {3EC2471C-7BBF-49CB-A349-3048D59AA2CA}
	EndGlobalSection
EndGlobal
